{
  "projects": [
    {
      "projectId": "r3ASNrnyvLLLAtDvzUioQ",
      "version": "4.8.0",
      "dependencies": {},
      "lang": "ts",
      "fileLocks": [
        {
          "assetId": "r3ASNrnyvLLLAtDvzUioQ",
          "type": "projectCss",
          "checksum": "1c02168c6b23256606111fdfdbb63549"
        }
      ],
      "codegenVersion": "0.0.1"
    },
    {
      "projectId": "gmeH6XgPaBtkt51HunAo4g",
      "version": "18.12.0",
      "dependencies": {},
      "lang": "ts",
      "fileLocks": [
        {
          "assetId": "gmeH6XgPaBtkt51HunAo4g",
          "type": "projectCss",
          "checksum": "1c02168c6b23256606111fdfdbb63549"
        }
      ],
      "codegenVersion": "0.0.1"
    },
    {
      "projectId": "7nJ7UcFmq9UzB6eXfC5z4a",
      "version": "0.31.0",
      "dependencies": {},
      "lang": "ts",
      "fileLocks": [
        {
          "assetId": "7nJ7UcFmq9UzB6eXfC5z4a",
          "type": "projectCss",
          "checksum": "01e8cee5b9ce00fbc93f494c2a40dbf1"
        }
      ],
      "codegenVersion": "0.0.1"
    },
    {
      "projectId": "2agBYMh2jpAvvmaRHpXzbz",
      "version": "latest",
      "dependencies": {
        "7nJ7UcFmq9UzB6eXfC5z4a": "0.31.0",
        "gmeH6XgPaBtkt51HunAo4g": "18.12.0",
        "r3ASNrnyvLLLAtDvzUioQ": "4.8.0"
      },
      "lang": "ts",
      "fileLocks": [
        {
          "type": "globalVariant",
          "assetId": "kZnPgiV1LPuV",
          "checksum": "85b3f8410a6a8a120c9f25a3c4e71602"
        },
        {
          "assetId": "2agBYMh2jpAvvmaRHpXzbz",
          "type": "projectCss",
          "checksum": "16f4dc2bb6ddea5ec90e022223216096"
        },
        {
          "type": "renderModule",
          "assetId": "YEQA5vSrvAeX",
          "checksum": "2a24babb4f5f3506844ebb54cf070566"
        },
        {
          "type": "cssRules",
          "assetId": "YEQA5vSrvAeX",
          "checksum": "2a24babb4f5f3506844ebb54cf070566"
        },
        {
          "type": "renderModule",
          "assetId": "4HmgUWVqn13N",
          "checksum": "f95ac4fff068d7ffd23d7fa96e262b75"
        },
        {
          "type": "cssRules",
          "assetId": "4HmgUWVqn13N",
          "checksum": "f95ac4fff068d7ffd23d7fa96e262b75"
        },
        {
          "type": "renderModule",
          "assetId": "DXnV3iG3Ncth",
          "checksum": "e5f44737a17ef50e7cea25c944c4f235"
        },
        {
          "type": "cssRules",
          "assetId": "DXnV3iG3Ncth",
          "checksum": "e5f44737a17ef50e7cea25c944c4f235"
        },
        {
          "type": "renderModule",
          "assetId": "VACmS708Blos",
          "checksum": "e00dfd14f73b649663f9651a6c3f06b8"
        },
        {
          "type": "cssRules",
          "assetId": "VACmS708Blos",
          "checksum": "e00dfd14f73b649663f9651a6c3f06b8"
        },
        {
          "type": "renderModule",
          "assetId": "RSp7Y09OV5MF",
          "checksum": "1be77276c011ede915b7b34677416c3d"
        },
        {
          "type": "cssRules",
          "assetId": "RSp7Y09OV5MF",
          "checksum": "1be77276c011ede915b7b34677416c3d"
        },
        {
          "type": "icon",
          "assetId": "E6GnFNcEQjWF",
          "checksum": "c7c37bca961b3bf5d9f397557439e9b4"
        },
        {
          "type": "icon",
          "assetId": "0JdoKAzewkxn",
          "checksum": "42db0497320549ca16bb6b986d7b3c29"
        },
        {
          "type": "icon",
          "assetId": "03s4UAZ2IHk7",
          "checksum": "81299dddf79dce7189a98d2ed5dfd147"
        },
        {
          "type": "icon",
          "assetId": "6zFLxV6s9OCY",
          "checksum": "7352af7f6582c4fb611d00bb12692945"
        },
        {
          "type": "icon",
          "assetId": "uwhNuI9BnrLM",
          "checksum": "dc48487ab7f7c742d8c9214c6c4da3c1"
        },
        {
          "type": "icon",
          "assetId": "vjX_SItutVSj",
          "checksum": "da6e7bbafd2d91d0abcc38ce3687836b"
        },
        {
          "type": "icon",
          "assetId": "du6K9e8Y7yCY",
          "checksum": "96173d19147f56e9999e96db3974769f"
        },
        {
          "type": "icon",
          "assetId": "9KrqjY7kpA4X",
          "checksum": "c69d1bf4c15628efa991db3ce8a80439"
        },
        {
          "type": "icon",
          "assetId": "FFgyDxTqD-vM",
          "checksum": "3cb7dc4f7995622e9d024a0719fcc9f2"
        },
        {
          "type": "icon",
          "assetId": "gRgvMZvicdmc",
          "checksum": "6742cae90d3e72b0bbaa29cf90d99585"
        },
        {
          "type": "icon",
          "assetId": "qpvmZ73LI-ZJ",
          "checksum": "bf1fb085f0407808cba102fc94fc074e"
        },
        {
          "type": "icon",
          "assetId": "w2rwLliiU-WN",
          "checksum": "ae994cafc24a77bc663867487760ad3b"
        },
        {
          "type": "icon",
          "assetId": "hyUay34NY8f0",
          "checksum": "0ddefaa44eb1a56ee8b74fc5bc083d0f"
        },
        {
          "type": "icon",
          "assetId": "E7VZcIiR5Kdy",
          "checksum": "56b765ec2e38a0c68e9bf9c61829cda4"
        },
        {
          "type": "icon",
          "assetId": "B4RvbiJP7vou",
          "checksum": "6ac467c83b18b6a2d7a6365c46fa000d"
        },
        {
          "type": "icon",
          "assetId": "jJDa-jI5uFSt",
          "checksum": "585c1967f24afcfb984d4f7eb2115e13"
        },
        {
          "type": "icon",
          "assetId": "Ktlu1azLDXFo",
          "checksum": "48ef84e2296f0f6b1bcaaac3a7b3e0bc"
        },
        {
          "type": "icon",
          "assetId": "c449FnVVE4dF",
          "checksum": "b039c2ccf9548baa58cf84c1d101c512"
        },
        {
          "type": "icon",
          "assetId": "zOBxFI_h4ze8",
          "checksum": "1b55c520a170cdf32d28ccef581ac6b2"
        },
        {
          "type": "icon",
          "assetId": "LRfR5HdDj829",
          "checksum": "a9da72c56e34fae963440c9adc38c516"
        },
        {
          "type": "icon",
          "assetId": "So0OR0Pnp4Dt",
          "checksum": "22f75f7f231062b11e17f2e20f2849a8"
        },
        {
          "type": "icon",
          "assetId": "LQgZWpjayMfi",
          "checksum": "128a37fde8da3e22e96336cf0181ad19"
        },
        {
          "type": "icon",
          "assetId": "MFft-zedHhcb",
          "checksum": "715c1ac67bb5516fdfc27afdee251fd5"
        },
        {
          "type": "icon",
          "assetId": "PVGpPDzYor8l",
          "checksum": "610056500d0420034a5c57e8ceab7d62"
        },
        {
          "type": "icon",
          "assetId": "j37OpiBZLbGA",
          "checksum": "efe0801b3025881a5e6271a3a8f469e5"
        },
        {
          "type": "icon",
          "assetId": "jEoR6_uS1SNN",
          "checksum": "55cb4d4ed0a256466c00af8bfc59e28c"
        },
        {
          "type": "icon",
          "assetId": "-ICt3WH7izMU",
          "checksum": "60a327ae3caa3edd679d6001d8f94bbb"
        },
        {
          "type": "icon",
          "assetId": "Hb_3QFXH-e7F",
          "checksum": "b00b9bd9b6caef27376d84ed5413eb91"
        },
        {
          "type": "icon",
          "assetId": "jUcnO9l5HxI9",
          "checksum": "4cfbddf04a3b2d953f2da0a58bc8f2d5"
        },
        {
          "type": "icon",
          "assetId": "RsegoFOVmJQI",
          "checksum": "cb1832010a48b89fb998dfdbc0855034"
        },
        {
          "type": "icon",
          "assetId": "CmJgc_I_6CEn",
          "checksum": "f9447c00b89ddedc7f0ffcf14378e38f"
        },
        {
          "type": "image",
          "assetId": "v7ihkge7D-2B",
          "checksum": "21e206135f563c0cb3b40a6b97c5fe84"
        },
        {
          "type": "image",
          "assetId": "xOhhEH9sFa_U",
          "checksum": "8fc72ab78b3fb632eb9efce410ff1e47"
        },
        {
          "type": "image",
          "assetId": "_RlOy16FWmUW",
          "checksum": "2103e6f95bf9db3db3a42e58ba8fd6fd"
        },
        {
          "type": "image",
          "assetId": "j2p9fbZk2eqv",
          "checksum": "c6e1baa395062663668714741924f825"
        },
        {
          "type": "image",
          "assetId": "88WQE6pNi0nT",
          "checksum": "27ed78ad017b3fd8a2af1515e2a38c09"
        },
        {
          "type": "image",
          "assetId": "d47_EA7Jrf-9",
          "checksum": "435bf5db54df18205b63d6321474f09c"
        },
        {
          "type": "image",
          "assetId": "WxpofiEukwRI",
          "checksum": "e15f7f0189faa2f45a0635bf483acaec"
        },
        {
          "type": "image",
          "assetId": "yAIEhqPff77m",
          "checksum": "771c635c7c138b4f2a05d8d94f7c5dc7"
        },
        {
          "type": "image",
          "assetId": "n300ZQRybRBN",
          "checksum": "a4516a290ebca7590017aa5553874a68"
        },
        {
          "type": "image",
          "assetId": "7biwGXmt7pJB",
          "checksum": "9f48137ebe6245645697d07864131e48"
        },
        {
          "type": "image",
          "assetId": "orQBXBDFPb63",
          "checksum": "87639d50ff57104c1add064bd17627ff"
        },
        {
          "type": "image",
          "assetId": "0jN7lJ80EK7L",
          "checksum": "d309d9688b06361674e0a42e9fe19224"
        },
        {
          "type": "image",
          "assetId": "R6mc-Wr-hhBg",
          "checksum": "71b9bbd355e455e9394c2eeec864dd4f"
        },
        {
          "type": "image",
          "assetId": "3U5eWyqwoj8u",
          "checksum": "87b06233e4854572cdbf39f9f142aec3"
        },
        {
          "type": "image",
          "assetId": "rldPChlBVfeC",
          "checksum": "c3b5ed6ccabb40a1e735d36ffe2b4a34"
        },
        {
          "type": "image",
          "assetId": "gSMoNJQxoGnW",
          "checksum": "e3d64edfc77e1a81a34578f18f0c7b1e"
        },
        {
          "type": "image",
          "assetId": "hgXiG_uHV4Oj",
          "checksum": "7f4262a0855e9b7db713989f0a9a52bc"
        },
        {
          "type": "image",
          "assetId": "i_MlWI_AFRUm",
          "checksum": "24c83c62498fec891727aa109a8facd0"
        },
        {
          "type": "image",
          "assetId": "gQg-qPWAk3SW",
          "checksum": "9f32d67291eebbac27c98876043b5e55"
        },
        {
          "type": "image",
          "assetId": "XLinEdVw7xdb",
          "checksum": "a8d93f1e3c60f7b446e38b927d4bc209"
        },
        {
          "type": "image",
          "assetId": "U1h3LLS6gdSI",
          "checksum": "7082e0767e4ec00cfc76ce6a63454453"
        },
        {
          "type": "image",
          "assetId": "8e0eAUIxYcZc",
          "checksum": "17b71da71c1457428f0c0ddf42201b71"
        },
        {
          "type": "image",
          "assetId": "xpQzImTRztUh",
          "checksum": "24f8bfb2fba0827a7a2756b6e8bc8392"
        },
        {
          "type": "image",
          "assetId": "YGrMs76pdRYJ",
          "checksum": "6d27ef404a9778fc35f93d7bac312f3f"
        },
        {
          "type": "image",
          "assetId": "Gw_Yh9wsew-O",
          "checksum": "22689661bbc0d2389038dfd68e12ef16"
        },
        {
          "type": "image",
          "assetId": "20GyoHe8J_PY",
          "checksum": "a5da35674fd0666d4fe1f741d07b4805"
        },
        {
          "type": "image",
          "assetId": "9jKd2jnUjtiY",
          "checksum": "d1149e31dbeda80b6c4501bf478b1333"
        },
        {
          "type": "image",
          "assetId": "WAh9fedV4Ilt",
          "checksum": "52cb768b908cd6d1830cfaa62be70bfd"
        },
        {
          "type": "image",
          "assetId": "GaDmnPzM4jI_",
          "checksum": "4087b3c6747f1d81005bbef2c6c005ff"
        },
        {
          "type": "image",
          "assetId": "tT3VFRQOnERS",
          "checksum": "5c5703e008e5a6b6b7a342519d23422a"
        },
        {
          "type": "image",
          "assetId": "fbkRBbt5XzZ9",
          "checksum": "772e4b02e6a3658c5eace81a592c3dbc"
        },
        {
          "type": "image",
          "assetId": "9EJUckhNRCuk",
          "checksum": "2edf9d4367a4baa1a3f1e24c0cd48c6c"
        },
        {
          "type": "image",
          "assetId": "Bmx9DYQ5SI8u",
          "checksum": "f1895b5c9fd56fbb520bfb2dc48b7632"
        },
        {
          "type": "image",
          "assetId": "WUX_9FUir_-b",
          "checksum": "f7cba70eae5436a17a50c1e0e6174300"
        },
        {
          "type": "image",
          "assetId": "pcopEITpcy-N",
          "checksum": "2688a103d6684c4a3250ee6d11a2df21"
        },
        {
          "type": "image",
          "assetId": "8NPyafP3UPdW",
          "checksum": "c0d420f9542a11817a9611c9fdcf0543"
        },
        {
          "type": "image",
          "assetId": "PCyH2O7gcRRA",
          "checksum": "588ebf0e756e2b875b4c424d2b623782"
        },
        {
          "type": "image",
          "assetId": "ZtIyUsIJfl75",
          "checksum": "3a958c2e81c7ed5068921c2d57aa66e8"
        },
        {
          "type": "image",
          "assetId": "BrCD64LIeKbr",
          "checksum": "389805bf0f84b4ea106b29e13a2995f0"
        },
        {
          "type": "image",
          "assetId": "9-NAmxjyYTxZ",
          "checksum": "a819e6dc6d3f72b35880aa9b56d79844"
        },
        {
          "type": "image",
          "assetId": "Vj9RVJQPCeFc",
          "checksum": "07923466a8422a0c4649f7524e1a876b"
        },
        {
          "type": "image",
          "assetId": "g3RTPntrwzXl",
          "checksum": "7f9ac06ea53b1750a1c800e1b8b49c4f"
        },
        {
          "type": "image",
          "assetId": "5m5hLQv3NbDG",
          "checksum": "49a01bf2670e149f81c22e41a34dfdf3"
        },
        {
          "type": "image",
          "assetId": "x7ZznyW5TrH-",
          "checksum": "e42c3947234c1fe45a39aabfeefc59ce"
        },
        {
          "type": "image",
          "assetId": "0a_2PCfYOX_3",
          "checksum": "108e93fe1feb7583e9335ea07e9d1a72"
        },
        {
          "type": "image",
          "assetId": "ilieRCQqGQgw",
          "checksum": "3c6bce45bebe7bd08eba361bb765cc74"
        },
        {
          "type": "image",
          "assetId": "K2vF9oY6q6dF",
          "checksum": "32e321a4da92df5116e0741c50b2b8dd"
        },
        {
          "type": "image",
          "assetId": "CK-qaRbF9IZW",
          "checksum": "5cd0c6cd37d02a7dbf42fd5ef01463fb"
        },
        {
          "type": "image",
          "assetId": "tRNJEwegDgLq",
          "checksum": "5403f8dd461b36cafe2681d20cc07ac7"
        },
        {
          "type": "image",
          "assetId": "S9cXVtgx9PF4",
          "checksum": "01a3b7da7ff86c42dea3b4606b7976cd"
        },
        {
          "type": "image",
          "assetId": "GpCtLvveU1Jf",
          "checksum": "b0445318c203fe3d630c48cf7a338d04"
        },
        {
          "type": "image",
          "assetId": "eqGmBlkklkGJ",
          "checksum": "08a11f3bbf81beab277a86da69cf5403"
        },
        {
          "type": "image",
          "assetId": "DN50ik4JBiAA",
          "checksum": "e3b642c20eb8b784e502dda9920b2f85"
        },
        {
          "type": "image",
          "assetId": "rcfIvi45YgtS",
          "checksum": "b3c702648b2482c3254b2a89ff22f197"
        },
        {
          "type": "image",
          "assetId": "8F4WUhYJw_yI",
          "checksum": "b6d9df0f23fb442e8e79a4f8ee81ba19"
        },
        {
          "type": "image",
          "assetId": "t4yGx9u5ULmd",
          "checksum": "6f10f42d86d933ddccca3b1e14815a60"
        },
        {
          "type": "image",
          "assetId": "xJgyOCSFXQ8V",
          "checksum": "ed22b88d6cb6729e404b81e52554eb11"
        },
        {
          "type": "image",
          "assetId": "E6xkmpiJWuW_",
          "checksum": "60b2978dc8e56f3fdbe89e5f632eff2a"
        },
        {
          "type": "image",
          "assetId": "qBgn4EABQedL",
          "checksum": "c73639421eaf733e41de80a051e07095"
        },
        {
          "type": "image",
          "assetId": "DChFNrofOdzQ",
          "checksum": "184b7ec81cabe6e646b034418209e4cf"
        },
        {
          "type": "image",
          "assetId": "r7M_Ux7E24nC",
          "checksum": "da46fff5dbf8ff9947d8315281d21567"
        },
        {
          "type": "image",
          "assetId": "UbkSQEk3VN9o",
          "checksum": "b7b44844e9c89aaab4bf2e6f2e8bcc8a"
        },
        {
          "type": "image",
          "assetId": "GicPYqIOXk6D",
          "checksum": "ce2a12dd8e5fc00b2426e7faf3b6a6ea"
        },
        {
          "type": "image",
          "assetId": "bNvL1ptRoHJm",
          "checksum": "da1eef90aa88a64ffd4347a6609bfab9"
        },
        {
          "type": "image",
          "assetId": "HWtjYbc6eNGW",
          "checksum": "59bc544f6683ba7d19f28fce0e8e5f47"
        },
        {
          "type": "image",
          "assetId": "RDqEkH1jjcOi",
          "checksum": "442519e449abc638bace53f350179c91"
        },
        {
          "type": "image",
          "assetId": "HkkrQG-VcLch",
          "checksum": "a8a12a2013d068f5232dbdc300110f1c"
        },
        {
          "type": "image",
          "assetId": "-4xeTzM1cBCR",
          "checksum": "3ec2770f8ec008bd65749f693280b62f"
        },
        {
          "type": "image",
          "assetId": "9qu-Db4eBFga",
          "checksum": "0bb94b6c35e7df751290bfae8bdf03ff"
        },
        {
          "type": "image",
          "assetId": "bWnn9RmkKgej",
          "checksum": "871d7bb8c2631a939143995bde99bfd7"
        },
        {
          "type": "image",
          "assetId": "JcoV7yVtnY-A",
          "checksum": "3c8e3964fa3881f9d2493e3361426fce"
        },
        {
          "type": "image",
          "assetId": "rNDP5VPWWg77",
          "checksum": "fbb163ea20c6f860b259b52c3e0b87bb"
        },
        {
          "type": "image",
          "assetId": "2uGvdwDpID26",
          "checksum": "b2e7d6515c6b29ca636d71e5db78348a"
        },
        {
          "type": "image",
          "assetId": "mCR5Qi9C7GzW",
          "checksum": "321ebcb1dadfabdedf1b0fdfc0a62c16"
        },
        {
          "type": "image",
          "assetId": "AXghztdYQsLs",
          "checksum": "e71c866b5b8283f9120fdd5b621a8842"
        },
        {
          "type": "image",
          "assetId": "JGv-lM59tYyV",
          "checksum": "aec34d6f06c60ac922b0257ea8ce4d45"
        },
        {
          "type": "image",
          "assetId": "bwOiNxEQap17",
          "checksum": "0e0a979ed4bf52fd1d60336193fc0506"
        }
      ],
      "codegenVersion": "0.0.1"
    }
  ],
  "cliVersion": "0.1.335"
}
